<?xml version="1.0" encoding="utf-8"?>
<Project ToolsVersion="4.0" xmlns="http://schemas.microsoft.com/developer/msbuild/2003">
  <ItemGroup>
    <Filter Include="Source Files">
      <UniqueIdentifier>{4FC737F1-C7A5-4376-A066-2A32D752A2FF}</UniqueIdentifier>
      <Extensions>cpp;c;cc;cxx;c++;cppm;ixx;def;odl;idl;hpj;bat;asm;asmx</Extensions>
    </Filter>
    <Filter Include="Header Files">
      <UniqueIdentifier>{93995380-89BD-4b04-88EB-625FBE52EBFB}</UniqueIdentifier>
      <Extensions>h;hh;hpp;hxx;h++;hm;inl;inc;ipp;xsd</Extensions>
    </Filter>
    <Filter Include="Resource Files">
      <UniqueIdentifier>{67DA6AB6-F800-4c08-8B7A-83BB121AAD01}</UniqueIdentifier>
      <Extensions>rc;ico;cur;bmp;dlg;rc2;rct;bin;rgs;gif;jpg;jpeg;jpe;resx;tiff;tif;png;wav;mfcribbon-ms</Extensions>
    </Filter>
  </ItemGroup>
  <ItemGroup>
    <ClCompile Include="main.cpp">
      <Filter>Source Files</Filter>
    </ClCompile>
    <ClCompile Include="source\codegen\abstract_syntax_tree\keywords\types\signed_int\keyword_i32_node.cpp">
      <Filter>Source Files</Filter>
    </ClCompile>
    <ClCompile Include="source\codegen\abstract_syntax_tree\operators\operator_addition_node.cpp">
      <Filter>Source Files</Filter>
    </ClCompile>
    <ClCompile Include="source\codegen\abstract_syntax_tree\operators\operator_binary.cpp">
      <Filter>Source Files</Filter>
    </ClCompile>
    <ClCompile Include="source\codegen\abstract_syntax_tree\node.cpp">
      <Filter>Source Files</Filter>
    </ClCompile>
    <ClCompile Include="source\codegen\visitor\codegen_visitor.cpp">
      <Filter>Source Files</Filter>
    </ClCompile>
    <ClCompile Include="source\codegen\visitor.cpp">
      <Filter>Source Files</Filter>
    </ClCompile>
    <ClCompile Include="source\lexer\lexer.cpp">
      <Filter>Source Files</Filter>
    </ClCompile>
    <ClCompile Include="source\parser\parser.cpp">
      <Filter>Source Files</Filter>
    </ClCompile>
    <ClCompile Include="source\utility\filesystem.cpp">
      <Filter>Source Files</Filter>
    </ClCompile>
    <ClCompile Include="source\utility\string_accessor.cpp">
      <Filter>Source Files</Filter>
    </ClCompile>
    <ClCompile Include="source\codegen\abstract_syntax_tree\keywords\types\signed_int\keyword_i8_node.cpp">
      <Filter>Source Files</Filter>
    </ClCompile>
    <ClCompile Include="source\codegen\abstract_syntax_tree\keywords\types\signed_int\keyword_i16_node.cpp">
      <Filter>Source Files</Filter>
    </ClCompile>
    <ClCompile Include="source\codegen\abstract_syntax_tree\keywords\types\signed_int\keyword_i64_node.cpp">
      <Filter>Source Files</Filter>
    </ClCompile>
    <ClCompile Include="source\codegen\abstract_syntax_tree\operators\operator_subtraction_node.cpp">
      <Filter>Source Files</Filter>
    </ClCompile>
    <ClCompile Include="source\codegen\abstract_syntax_tree\operators\operator_division_node.cpp">
      <Filter>Source Files</Filter>
    </ClCompile>
    <ClCompile Include="source\codegen\abstract_syntax_tree\operators\operator_multiplication_node.cpp">
      <Filter>Source Files</Filter>
    </ClCompile>
    <ClCompile Include="source\codegen\abstract_syntax_tree\variables\function_call_node.cpp">
      <Filter>Source Files</Filter>
    </ClCompile>
    <ClCompile Include="source\codegen\abstract_syntax_tree\variables\variable_node.cpp">
      <Filter>Source Files</Filter>
    </ClCompile>
    <ClCompile Include="source\codegen\abstract_syntax_tree\variables\assignment_node.cpp">
      <Filter>Source Files</Filter>
    </ClCompile>
    <ClCompile Include="source\codegen\abstract_syntax_tree\variables\function_node.cpp">
      <Filter>Source Files</Filter>
    </ClCompile>
    <ClCompile Include="source\codegen\abstract_syntax_tree\operators\operator_modulo_node.cpp">
      <Filter>Source Files</Filter>
    </ClCompile>
    <ClCompile Include="source\utility\timer.cpp">
      <Filter>Source Files</Filter>
    </ClCompile>
    <ClCompile Include="source\codegen\abstract_syntax_tree\variables\declaration\local_declaration_node.cpp">
      <Filter>Source Files</Filter>
    </ClCompile>
    <ClCompile Include="source\codegen\abstract_syntax_tree\variables\declaration\global_declaration_node.cpp">
      <Filter>Source Files</Filter>
    </ClCompile>
    <ClCompile Include="source\codegen\abstract_syntax_tree\variables\declaration\declaration_node.cpp">
      <Filter>Source Files</Filter>
    </ClCompile>
    <ClCompile Include="source\compiler\compiler.cpp">
      <Filter>Source Files</Filter>
    </ClCompile>
    <ClCompile Include="source\codegen\abstract_syntax_tree\keywords\return_node.cpp">
      <Filter>Source Files</Filter>
    </ClCompile>
    <ClCompile Include="source\codegen\scope.cpp">
      <Filter>Source Files</Filter>
    </ClCompile>
    <ClCompile Include="source\codegen\abstract_syntax_tree\keywords\types\unsigned_int\keyword_u8_node.cpp">
      <Filter>Source Files</Filter>
    </ClCompile>
    <ClCompile Include="source\codegen\abstract_syntax_tree\keywords\types\unsigned_int\keyword_u16_node.cpp">
      <Filter>Source Files</Filter>
    </ClCompile>
    <ClCompile Include="source\codegen\abstract_syntax_tree\keywords\types\unsigned_int\keyword_u32_node.cpp">
      <Filter>Source Files</Filter>
    </ClCompile>
    <ClCompile Include="source\codegen\abstract_syntax_tree\keywords\types\unsigned_int\keyword_u64_node.cpp">
      <Filter>Source Files</Filter>
    </ClCompile>
    <ClCompile Include="source\codegen\abstract_syntax_tree\value.cpp">
      <Filter>Source Files</Filter>
    </ClCompile>
    <ClCompile Include="source\type.cpp">
      <Filter>Source Files</Filter>
    </ClCompile>
    <ClCompile Include="source\codegen\abstract_syntax_tree\keywords\types\floating_point\keyword_f32_node.cpp">
      <Filter>Source Files</Filter>
    </ClCompile>
    <ClCompile Include="source\codegen\abstract_syntax_tree\keywords\types\floating_point\keyword_f64_node.cpp">
      <Filter>Source Files</Filter>
    </ClCompile>
    <ClCompile Include="source\utility\console.cpp">
      <Filter>Source Files</Filter>
    </ClCompile>
    <ClCompile Include="source\compiler\compilation_logger.cpp">
      <Filter>Source Files</Filter>
    </ClCompile>
    <ClCompile Include="source\codegen\visitor\codegen_visitor_types.cpp">
      <Filter>Source Files</Filter>
    </ClCompile>
    <ClCompile Include="source\codegen\visitor\codegen_visitor_operators.cpp">
      <Filter>Source Files</Filter>
    </ClCompile>
    <ClCompile Include="source\codegen\visitor\codegen_visitor_functions.cpp">
      <Filter>Source Files</Filter>
    </ClCompile>
    <ClCompile Include="source\codegen\visitor\codegen_visitor_variables.cpp">
      <Filter>Source Files</Filter>
    </ClCompile>
    <ClCompile Include="source\codegen\visitor\codegen_visitor_flow_control.cpp">
      <Filter>Source Files</Filter>
    </ClCompile>
  </ItemGroup>
  <ItemGroup>
    <None Include="test\main.ch" />
  </ItemGroup>
  <ItemGroup>
    <ClInclude Include="source\codegen\abstract_syntax_tree\keywords\types\signed_int\keyword_i32_node.h">
      <Filter>Header Files</Filter>
    </ClInclude>
    <ClInclude Include="source\codegen\abstract_syntax_tree\operators\operator_addition_node.h">
      <Filter>Header Files</Filter>
    </ClInclude>
    <ClInclude Include="source\codegen\abstract_syntax_tree\operators\operator_binary.h">
      <Filter>Header Files</Filter>
    </ClInclude>
    <ClInclude Include="source\codegen\abstract_syntax_tree\node.h">
      <Filter>Header Files</Filter>
    </ClInclude>
    <ClInclude Include="source\codegen\visitor\codegen_visitor.h">
      <Filter>Header Files</Filter>
    </ClInclude>
    <ClInclude Include="source\codegen\visitor.h">
      <Filter>Header Files</Filter>
    </ClInclude>
    <ClInclude Include="source\lexer\lexer.h">
      <Filter>Header Files</Filter>
    </ClInclude>
    <ClInclude Include="source\lexer\token.h">
      <Filter>Header Files</Filter>
    </ClInclude>
    <ClInclude Include="source\parser\parser.h">
      <Filter>Header Files</Filter>
    </ClInclude>
    <ClInclude Include="source\utility\filesystem.h">
      <Filter>Header Files</Filter>
    </ClInclude>
    <ClInclude Include="source\utility\macros.h">
      <Filter>Header Files</Filter>
    </ClInclude>
    <ClInclude Include="source\utility\string_accessor.h">
      <Filter>Header Files</Filter>
    </ClInclude>
    <ClInclude Include="source\utility\types.h">
      <Filter>Header Files</Filter>
    </ClInclude>
    <ClInclude Include="source\codegen\abstract_syntax_tree\keywords\types\signed_int\keyword_i8_node.h">
      <Filter>Header Files</Filter>
    </ClInclude>
    <ClInclude Include="source\codegen\abstract_syntax_tree\keywords\types\signed_int\keyword_i16_node.h">
      <Filter>Header Files</Filter>
    </ClInclude>
    <ClInclude Include="source\codegen\abstract_syntax_tree\keywords\types\signed_int\keyword_i64_node.h">
      <Filter>Header Files</Filter>
    </ClInclude>
    <ClInclude Include="source\codegen\abstract_syntax_tree\operators\operator_subtraction_node.h">
      <Filter>Header Files</Filter>
    </ClInclude>
    <ClInclude Include="source\codegen\abstract_syntax_tree\operators\operator_division_node.h">
      <Filter>Header Files</Filter>
    </ClInclude>
    <ClInclude Include="source\codegen\abstract_syntax_tree\operators\operator_multiplication_node.h">
      <Filter>Header Files</Filter>
    </ClInclude>
    <ClInclude Include="source\codegen\abstract_syntax_tree\variables\function_call_node.h">
      <Filter>Header Files</Filter>
    </ClInclude>
    <ClInclude Include="source\codegen\abstract_syntax_tree\variables\variable_node.h">
      <Filter>Header Files</Filter>
    </ClInclude>
    <ClInclude Include="source\codegen\abstract_syntax_tree\variables\assignment_node.h">
      <Filter>Header Files</Filter>
    </ClInclude>
    <ClInclude Include="source\codegen\abstract_syntax_tree\variables\function_node.h">
      <Filter>Header Files</Filter>
    </ClInclude>
    <ClInclude Include="source\codegen\abstract_syntax_tree\operators\operator_modulo_node.h">
      <Filter>Header Files</Filter>
    </ClInclude>
    <ClInclude Include="source\utility\timer.h">
      <Filter>Header Files</Filter>
    </ClInclude>
    <ClInclude Include="source\codegen\abstract_syntax_tree\variables\declaration\local_declaration_node.h">
      <Filter>Header Files</Filter>
    </ClInclude>
    <ClInclude Include="source\codegen\abstract_syntax_tree\variables\declaration\global_declaration_node.h">
      <Filter>Header Files</Filter>
    </ClInclude>
    <ClInclude Include="source\codegen\abstract_syntax_tree\variables\declaration\declaration_node.h">
      <Filter>Header Files</Filter>
    </ClInclude>
    <ClInclude Include="source\compiler\compiler.h">
      <Filter>Header Files</Filter>
    </ClInclude>
    <ClInclude Include="source\codegen\abstract_syntax_tree\keywords\return_node.h">
      <Filter>Header Files</Filter>
    </ClInclude>
    <ClInclude Include="source\codegen\scope.h">
      <Filter>Header Files</Filter>
    </ClInclude>
    <ClInclude Include="source\type.h">
      <Filter>Header Files</Filter>
    </ClInclude>
    <ClInclude Include="source\codegen\abstract_syntax_tree\keywords\types\unsigned_int\keyword_u64_node.h">
      <Filter>Header Files</Filter>
    </ClInclude>
    <ClInclude Include="source\codegen\abstract_syntax_tree\keywords\types\unsigned_int\keyword_u8_node.h">
      <Filter>Header Files</Filter>
    </ClInclude>
    <ClInclude Include="source\codegen\abstract_syntax_tree\keywords\types\unsigned_int\keyword_u16_node.h">
      <Filter>Header Files</Filter>
    </ClInclude>
    <ClInclude Include="source\codegen\abstract_syntax_tree\keywords\types\unsigned_int\keyword_u32_node.h">
      <Filter>Header Files</Filter>
    </ClInclude>
    <ClInclude Include="source\codegen\abstract_syntax_tree\value.h">
      <Filter>Header Files</Filter>
    </ClInclude>
    <ClInclude Include="source\codegen\abstract_syntax_tree\keywords\types\floating_point\keyword_f32_node.h">
      <Filter>Header Files</Filter>
    </ClInclude>
    <ClInclude Include="source\codegen\abstract_syntax_tree\keywords\types\floating_point\keyword_f64_node.h">
      <Filter>Header Files</Filter>
    </ClInclude>
    <ClInclude Include="source\utility\console.h">
      <Filter>Header Files</Filter>
    </ClInclude>
    <ClInclude Include="source\compiler\compilation_logger.h">
      <Filter>Header Files</Filter>
    </ClInclude>
  </ItemGroup>
</Project>