<?xml version="1.0" encoding="utf-8"?>
<Project ToolsVersion="4.0" xmlns="http://schemas.microsoft.com/developer/msbuild/2003">
  <ItemGroup>
    <Filter Include="assembler">
      <UniqueIdentifier>{4354C4BE-AFBE-7835-F8FC-29DB64A6568A}</UniqueIdentifier>
    </Filter>
    <Filter Include="assembler\instructions">
      <UniqueIdentifier>{87184412-7312-6D64-5C7F-03754818D3D0}</UniqueIdentifier>
    </Filter>
    <Filter Include="assembler\register_allocators">
      <UniqueIdentifier>{0A3549B7-764D-30E1-3FFA-BF7AABD1C47A}</UniqueIdentifier>
    </Filter>
    <Filter Include="executable">
      <UniqueIdentifier>{2721427C-13D9-83C9-7CE0-5C2568B71EBA}</UniqueIdentifier>
    </Filter>
    <Filter Include="executable\windows">
      <UniqueIdentifier>{819A1D8D-6D7E-DEE2-D6DE-D835C2E1C864}</UniqueIdentifier>
    </Filter>
    <Filter Include="x64">
      <UniqueIdentifier>{87B8880B-F3C1-887C-7C3D-9F7CE845947C}</UniqueIdentifier>
    </Filter>
    <Filter Include="x64\assembly_mapper">
      <UniqueIdentifier>{FAEB9B92-664D-79A0-EFBA-BF525B1BB05F}</UniqueIdentifier>
    </Filter>
    <Filter Include="x64\emitter">
      <UniqueIdentifier>{504D20B7-BC02-99AC-45F7-9283B1AB8FB0}</UniqueIdentifier>
    </Filter>
  </ItemGroup>
  <ItemGroup>
    <ClInclude Include="executable\windows\dos_header.h">
      <Filter>executable\windows</Filter>
    </ClInclude>
    <ClInclude Include="executable\windows\file_header.h">
      <Filter>executable\windows</Filter>
    </ClInclude>
    <ClInclude Include="executable\windows\optional_header_64_bit.h">
      <Filter>executable\windows</Filter>
    </ClInclude>
    <ClInclude Include="executable\windows\section_header.h">
      <Filter>executable\windows</Filter>
    </ClInclude>
  </ItemGroup>
  <ItemGroup>
    <ClCompile Include="executable\windows\dos_header.cpp">
      <Filter>executable\windows</Filter>
    </ClCompile>
    <ClCompile Include="executable\windows\file_header.cpp">
      <Filter>executable\windows</Filter>
    </ClCompile>
    <ClCompile Include="executable\windows\optional_header_64_bit.cpp">
      <Filter>executable\windows</Filter>
    </ClCompile>
    <ClCompile Include="executable\windows\section_header.cpp">
      <Filter>executable\windows</Filter>
    </ClCompile>
  </ItemGroup>
</Project>