<?xml version="1.0" encoding="utf-8"?>
<Project ToolsVersion="4.0" xmlns="http://schemas.microsoft.com/developer/msbuild/2003">
  <ItemGroup>
    <Filter Include="codegen">
      <UniqueIdentifier>{1A72BCD2-8651-3B6E-8F69-C644FBC7A1CF}</UniqueIdentifier>
    </Filter>
    <Filter Include="codegen\architectures">
      <UniqueIdentifier>{BF9B2B6A-2B08-E764-F4FB-7EC2602709CD}</UniqueIdentifier>
    </Filter>
    <Filter Include="codegen\architectures\x64">
      <UniqueIdentifier>{B02E1D8A-1CF1-5014-65A1-DFA0D1A229F2}</UniqueIdentifier>
    </Filter>
    <Filter Include="codegen\memory">
      <UniqueIdentifier>{629C4C5E-4E6A-4064-37FE-B08A236B1CC9}</UniqueIdentifier>
    </Filter>
    <Filter Include="codegen\memory\allocators">
      <UniqueIdentifier>{0575B483-7137-E80D-BAE7-769A26E9C0EB}</UniqueIdentifier>
    </Filter>
    <Filter Include="codegen\optimization">
      <UniqueIdentifier>{D0CE2311-BC5D-ADDA-657C-C1D551EABD80}</UniqueIdentifier>
    </Filter>
    <Filter Include="codegen\targets">
      <UniqueIdentifier>{630FB939-CF9A-26FE-D8AB-A9F244B682FE}</UniqueIdentifier>
    </Filter>
    <Filter Include="codegen\targets\win">
      <UniqueIdentifier>{E0D6C384-4C38-A192-D5A5-E7444106D851}</UniqueIdentifier>
    </Filter>
    <Filter Include="codegen\transformation">
      <UniqueIdentifier>{E05FC348-CC59-EC9A-B5C6-82ABA15F5207}</UniqueIdentifier>
    </Filter>
    <Filter Include="node_hierarchy">
      <UniqueIdentifier>{497B13D2-3549-07D8-1EDD-77FE0A4AE33C}</UniqueIdentifier>
    </Filter>
    <Filter Include="node_hierarchy\properties">
      <UniqueIdentifier>{858E7495-F150-A81F-3A01-37ACA60281FD}</UniqueIdentifier>
    </Filter>
  </ItemGroup>
  <ItemGroup>
    <ClInclude Include="codegen\architectures\architecture.h">
      <Filter>codegen\architectures</Filter>
    </ClInclude>
    <ClInclude Include="codegen\architectures\x64\x64.h">
      <Filter>codegen\architectures\x64</Filter>
    </ClInclude>
    <ClInclude Include="codegen\architectures\x64\x64_disassembler.h">
      <Filter>codegen\architectures\x64</Filter>
    </ClInclude>
    <ClInclude Include="codegen\codegen_context.h">
      <Filter>codegen</Filter>
    </ClInclude>
    <ClInclude Include="codegen\control_flow_graph.h">
      <Filter>codegen</Filter>
    </ClInclude>
    <ClInclude Include="codegen\instruction.h">
      <Filter>codegen</Filter>
    </ClInclude>
    <ClInclude Include="codegen\live_interval.h">
      <Filter>codegen</Filter>
    </ClInclude>
    <ClInclude Include="codegen\memory\allocators\allocator_base.h">
      <Filter>codegen\memory\allocators</Filter>
    </ClInclude>
    <ClInclude Include="codegen\memory\allocators\linear_scan_allocator.h">
      <Filter>codegen\memory\allocators</Filter>
    </ClInclude>
    <ClInclude Include="codegen\memory\memory.h">
      <Filter>codegen\memory</Filter>
    </ClInclude>
    <ClInclude Include="codegen\optimization\optimization_pass_list.h">
      <Filter>codegen\optimization</Filter>
    </ClInclude>
    <ClInclude Include="codegen\targets\parameter_descriptor.h">
      <Filter>codegen\targets</Filter>
    </ClInclude>
    <ClInclude Include="codegen\targets\target.h">
      <Filter>codegen\targets</Filter>
    </ClInclude>
    <ClInclude Include="codegen\targets\win\win.h">
      <Filter>codegen\targets\win</Filter>
    </ClInclude>
    <ClInclude Include="codegen\transformation\live_range_analysis.h">
      <Filter>codegen\transformation</Filter>
    </ClInclude>
    <ClInclude Include="codegen\transformation\scheduler.h">
      <Filter>codegen\transformation</Filter>
    </ClInclude>
    <ClInclude Include="codegen\transformation\transformation_context.h">
      <Filter>codegen\transformation</Filter>
    </ClInclude>
    <ClInclude Include="codegen\transformation\use_list.h">
      <Filter>codegen\transformation</Filter>
    </ClInclude>
    <ClInclude Include="codegen\work_list.h">
      <Filter>codegen</Filter>
    </ClInclude>
    <ClInclude Include="module.h" />
    <ClInclude Include="node_hierarchy\data_type.h">
      <Filter>node_hierarchy</Filter>
    </ClInclude>
    <ClInclude Include="node_hierarchy\function.h">
      <Filter>node_hierarchy</Filter>
    </ClInclude>
    <ClInclude Include="node_hierarchy\node.h">
      <Filter>node_hierarchy</Filter>
    </ClInclude>
    <ClInclude Include="node_hierarchy\properties\control_flow.h">
      <Filter>node_hierarchy\properties</Filter>
    </ClInclude>
    <ClInclude Include="node_hierarchy\properties\memory.h">
      <Filter>node_hierarchy\properties</Filter>
    </ClInclude>
    <ClInclude Include="node_hierarchy\properties\operations.h">
      <Filter>node_hierarchy\properties</Filter>
    </ClInclude>
    <ClInclude Include="node_hierarchy\properties\types.h">
      <Filter>node_hierarchy\properties</Filter>
    </ClInclude>
    <ClInclude Include="node_hierarchy\symbol.h">
      <Filter>node_hierarchy</Filter>
    </ClInclude>
    <ClInclude Include="node_hierarchy\user.h">
      <Filter>node_hierarchy</Filter>
    </ClInclude>
    <ClInclude Include="codegen\value.h" />
  </ItemGroup>
  <ItemGroup>
    <ClCompile Include="codegen\architectures\x64\x64.cpp">
      <Filter>codegen\architectures\x64</Filter>
    </ClCompile>
    <ClCompile Include="codegen\architectures\x64\x64_disassembler.cpp">
      <Filter>codegen\architectures\x64</Filter>
    </ClCompile>
    <ClCompile Include="codegen\architectures\x64\x64_instruction_selection.cpp">
      <Filter>codegen\architectures\x64</Filter>
    </ClCompile>
    <ClCompile Include="codegen\codegen_context.cpp">
      <Filter>codegen</Filter>
    </ClCompile>
    <ClCompile Include="codegen\control_flow_graph.cpp">
      <Filter>codegen</Filter>
    </ClCompile>
    <ClCompile Include="codegen\instruction.cpp">
      <Filter>codegen</Filter>
    </ClCompile>
    <ClCompile Include="codegen\live_interval.cpp">
      <Filter>codegen</Filter>
    </ClCompile>
    <ClCompile Include="codegen\memory\allocators\allocator_base.cpp">
      <Filter>codegen\memory\allocators</Filter>
    </ClCompile>
    <ClCompile Include="codegen\memory\allocators\linear_scan_allocator.cpp">
      <Filter>codegen\memory\allocators</Filter>
    </ClCompile>
    <ClCompile Include="codegen\memory\memory.cpp">
      <Filter>codegen\memory</Filter>
    </ClCompile>
    <ClCompile Include="codegen\optimization\optimization_pass_list.cpp">
      <Filter>codegen\optimization</Filter>
    </ClCompile>
    <ClCompile Include="codegen\targets\target.cpp">
      <Filter>codegen\targets</Filter>
    </ClCompile>
    <ClCompile Include="codegen\transformation\live_range_analysis.cpp">
      <Filter>codegen\transformation</Filter>
    </ClCompile>
    <ClCompile Include="codegen\transformation\scheduler.cpp">
      <Filter>codegen\transformation</Filter>
    </ClCompile>
    <ClCompile Include="codegen\transformation\use_list.cpp">
      <Filter>codegen\transformation</Filter>
    </ClCompile>
    <ClCompile Include="codegen\work_list.cpp">
      <Filter>codegen</Filter>
    </ClCompile>
    <ClCompile Include="module.cpp" />
    <ClCompile Include="node_hierarchy\data_type.cpp">
      <Filter>node_hierarchy</Filter>
    </ClCompile>
    <ClCompile Include="node_hierarchy\function.cpp">
      <Filter>node_hierarchy</Filter>
    </ClCompile>
    <ClCompile Include="node_hierarchy\node.cpp">
      <Filter>node_hierarchy</Filter>
    </ClCompile>
    <ClCompile Include="codegen\value.cpp" />
  </ItemGroup>
</Project>