<?xml version="1.0" encoding="utf-8"?>
<Project ToolsVersion="4.0" xmlns="http://schemas.microsoft.com/developer/msbuild/2003">
  <ItemGroup>
    <Filter Include="containers">
      <UniqueIdentifier>{FB7E5497-E736-96E4-503E-6F403C1531D5}</UniqueIdentifier>
    </Filter>
    <Filter Include="diagnostics">
      <UniqueIdentifier>{3DB66EFC-A96B-E7F1-3260-E1C89E14DEF5}</UniqueIdentifier>
    </Filter>
    <Filter Include="filesystem">
      <UniqueIdentifier>{AAB27DB8-966A-BF05-FF71-9861EB485AF6}</UniqueIdentifier>
    </Filter>
    <Filter Include="filesystem\file_types">
      <UniqueIdentifier>{ED20BDD8-598D-78D3-2281-10318EAC9A3B}</UniqueIdentifier>
    </Filter>
  </ItemGroup>
  <ItemGroup>
    <ClInclude Include="source\containers\directed_graph.h">
      <Filter>containers</Filter>
    </ClInclude>
    <ClInclude Include="source\containers\string_accessor.h">
      <Filter>containers</Filter>
    </ClInclude>
    <ClInclude Include="source\diagnostics\console.h">
      <Filter>diagnostics</Filter>
    </ClInclude>
    <ClInclude Include="source\diagnostics\diagnostics.h">
      <Filter>diagnostics</Filter>
    </ClInclude>
    <ClInclude Include="source\diagnostics\error.h">
      <Filter>diagnostics</Filter>
    </ClInclude>
    <ClInclude Include="source\diagnostics\warning.h">
      <Filter>diagnostics</Filter>
    </ClInclude>
    <ClInclude Include="source\filesystem\file_types\file.h">
      <Filter>filesystem\file_types</Filter>
    </ClInclude>
    <ClInclude Include="source\filesystem\file_types\raw_file.h">
      <Filter>filesystem\file_types</Filter>
    </ClInclude>
    <ClInclude Include="source\filesystem\file_types\text_file.h">
      <Filter>filesystem\file_types</Filter>
    </ClInclude>
    <ClInclude Include="source\filesystem\filesystem.h">
      <Filter>filesystem</Filter>
    </ClInclude>
    <ClInclude Include="source\format.h" />
    <ClInclude Include="source\macros.h" />
    <ClInclude Include="source\string_helper.h" />
    <ClInclude Include="source\timer.h" />
    <ClInclude Include="source\types.h" />
  </ItemGroup>
  <ItemGroup>
    <ClCompile Include="source\containers\directed_graph.cpp">
      <Filter>containers</Filter>
    </ClCompile>
    <ClCompile Include="source\containers\string_accessor.cpp">
      <Filter>containers</Filter>
    </ClCompile>
    <ClCompile Include="source\diagnostics\console.cpp">
      <Filter>diagnostics</Filter>
    </ClCompile>
    <ClCompile Include="source\diagnostics\error.cpp">
      <Filter>diagnostics</Filter>
    </ClCompile>
    <ClCompile Include="source\diagnostics\warning.cpp">
      <Filter>diagnostics</Filter>
    </ClCompile>
    <ClCompile Include="source\filesystem\file_types\file.cpp">
      <Filter>filesystem\file_types</Filter>
    </ClCompile>
    <ClCompile Include="source\filesystem\file_types\raw_file.cpp">
      <Filter>filesystem\file_types</Filter>
    </ClCompile>
    <ClCompile Include="source\filesystem\file_types\text_file.cpp">
      <Filter>filesystem\file_types</Filter>
    </ClCompile>
    <ClCompile Include="source\filesystem\filesystem.cpp">
      <Filter>filesystem</Filter>
    </ClCompile>
    <ClCompile Include="source\string_helper.cpp" />
    <ClCompile Include="source\timer.cpp" />
  </ItemGroup>
</Project>