<?xml version="1.0" encoding="utf-8"?>
<Project ToolsVersion="4.0" xmlns="http://schemas.microsoft.com/developer/msbuild/2003">
  <ItemGroup>
    <Filter Include="functions">
      <UniqueIdentifier>{1E42AB58-8AAC-5FCF-D3EA-10753F943D24}</UniqueIdentifier>
    </Filter>
    <Filter Include="implementation">
      <UniqueIdentifier>{EB8C2363-D75A-1769-C0EE-878FAC5BF3CD}</UniqueIdentifier>
    </Filter>
    <Filter Include="keywords">
      <UniqueIdentifier>{9DA4D9BC-8971-34C8-B28A-22709EB66956}</UniqueIdentifier>
    </Filter>
    <Filter Include="keywords\flow_control">
      <UniqueIdentifier>{448EE349-B0FA-9E44-79EE-36A2E519C1AC}</UniqueIdentifier>
    </Filter>
    <Filter Include="keywords\types">
      <UniqueIdentifier>{21BA1536-0D88-093C-F61B-7A62E288E5A0}</UniqueIdentifier>
    </Filter>
    <Filter Include="llvm_wrappers">
      <UniqueIdentifier>{134A9FFF-7F0A-1B36-4845-64B3B4C45F12}</UniqueIdentifier>
    </Filter>
    <Filter Include="llvm_wrappers\functions">
      <UniqueIdentifier>{5B9A2429-C7D1-6CC0-D0DB-D0E33C9293B9}</UniqueIdentifier>
    </Filter>
    <Filter Include="llvm_wrappers\variables">
      <UniqueIdentifier>{7B39533C-E770-9BD3-F07A-FFF65C31C2CC}</UniqueIdentifier>
    </Filter>
    <Filter Include="operators">
      <UniqueIdentifier>{8488A140-F0F2-55B7-3931-075DA5DA330C}</UniqueIdentifier>
    </Filter>
    <Filter Include="operators\binary">
      <UniqueIdentifier>{780BBFFA-6404-DE4C-8D36-C3D1798EBD58}</UniqueIdentifier>
    </Filter>
    <Filter Include="operators\binary\arithmetic">
      <UniqueIdentifier>{11ADD072-7DBA-FE58-06A1-FA4372ADCA0F}</UniqueIdentifier>
    </Filter>
    <Filter Include="operators\binary\bitwise">
      <UniqueIdentifier>{1E2E3412-0A53-8392-339E-68221F2282B0}</UniqueIdentifier>
    </Filter>
    <Filter Include="operators\binary\logical">
      <UniqueIdentifier>{C2790621-AE9E-55A1-D7E9-3A31C36D54BF}</UniqueIdentifier>
    </Filter>
    <Filter Include="operators\unary">
      <UniqueIdentifier>{8281D48C-EE0C-4251-F71D-C54563289E51}</UniqueIdentifier>
    </Filter>
    <Filter Include="operators\unary\arithmetic">
      <UniqueIdentifier>{DB085284-C718-FE54-30D2-62731C01EDED}</UniqueIdentifier>
    </Filter>
    <Filter Include="operators\unary\bitwise">
      <UniqueIdentifier>{280E3CD2-9445-8469-9D4F-E88C0906AB62}</UniqueIdentifier>
    </Filter>
    <Filter Include="operators\unary\logical">
      <UniqueIdentifier>{CC590EE1-3891-5678-419B-BA9BAD517D71}</UniqueIdentifier>
    </Filter>
    <Filter Include="variables">
      <UniqueIdentifier>{3EE1D96B-AA4B-8EE2-F389-3F885F336C37}</UniqueIdentifier>
    </Filter>
    <Filter Include="variables\array">
      <UniqueIdentifier>{4C8B5733-B816-C5F7-C127-48EC2D3221F8}</UniqueIdentifier>
    </Filter>
    <Filter Include="variables\declaration">
      <UniqueIdentifier>{D333875A-3FA0-4255-0894-DAB274BF64BD}</UniqueIdentifier>
    </Filter>
  </ItemGroup>
  <ItemGroup>
    <ClInclude Include="abstract_syntax_tree.h" />
    <ClInclude Include="code_generator_context.h" />
    <ClInclude Include="code_generator_template.h" />
    <ClInclude Include="functions\function_call_node.h">
      <Filter>functions</Filter>
    </ClInclude>
    <ClInclude Include="functions\function_node.h">
      <Filter>functions</Filter>
    </ClInclude>
    <ClInclude Include="implementation\code_generator.h">
      <Filter>implementation</Filter>
    </ClInclude>
    <ClInclude Include="keywords\flow_control\break_node.h">
      <Filter>keywords\flow_control</Filter>
    </ClInclude>
    <ClInclude Include="keywords\flow_control\for_node.h">
      <Filter>keywords\flow_control</Filter>
    </ClInclude>
    <ClInclude Include="keywords\flow_control\if_else_node.h">
      <Filter>keywords\flow_control</Filter>
    </ClInclude>
    <ClInclude Include="keywords\flow_control\return_node.h">
      <Filter>keywords\flow_control</Filter>
    </ClInclude>
    <ClInclude Include="keywords\flow_control\while_node.h">
      <Filter>keywords\flow_control</Filter>
    </ClInclude>
    <ClInclude Include="keywords\types\bool_node.h">
      <Filter>keywords\types</Filter>
    </ClInclude>
    <ClInclude Include="keywords\types\char_node.h">
      <Filter>keywords\types</Filter>
    </ClInclude>
    <ClInclude Include="keywords\types\numerical_literal_node.h">
      <Filter>keywords\types</Filter>
    </ClInclude>
    <ClInclude Include="keywords\types\string_node.h">
      <Filter>keywords\types</Filter>
    </ClInclude>
    <ClInclude Include="llvm_wrappers\code_generation_context.h">
      <Filter>llvm_wrappers</Filter>
    </ClInclude>
    <ClInclude Include="llvm_wrappers\functions\function.h">
      <Filter>llvm_wrappers\functions</Filter>
    </ClInclude>
    <ClInclude Include="llvm_wrappers\functions\function_registry.h">
      <Filter>llvm_wrappers\functions</Filter>
    </ClInclude>
    <ClInclude Include="llvm_wrappers\type.h">
      <Filter>llvm_wrappers</Filter>
    </ClInclude>
    <ClInclude Include="llvm_wrappers\value.h">
      <Filter>llvm_wrappers</Filter>
    </ClInclude>
    <ClInclude Include="llvm_wrappers\variables\scope.h">
      <Filter>llvm_wrappers\variables</Filter>
    </ClInclude>
    <ClInclude Include="llvm_wrappers\variables\variable.h">
      <Filter>llvm_wrappers\variables</Filter>
    </ClInclude>
    <ClInclude Include="llvm_wrappers\variables\variable_registry.h">
      <Filter>llvm_wrappers\variables</Filter>
    </ClInclude>
    <ClInclude Include="node.h" />
    <ClInclude Include="operators\binary\arithmetic\operator_addition_assignment_node.h">
      <Filter>operators\binary\arithmetic</Filter>
    </ClInclude>
    <ClInclude Include="operators\binary\arithmetic\operator_addition_node.h">
      <Filter>operators\binary\arithmetic</Filter>
    </ClInclude>
    <ClInclude Include="operators\binary\arithmetic\operator_division_assignment_node.h">
      <Filter>operators\binary\arithmetic</Filter>
    </ClInclude>
    <ClInclude Include="operators\binary\arithmetic\operator_division_node.h">
      <Filter>operators\binary\arithmetic</Filter>
    </ClInclude>
    <ClInclude Include="operators\binary\arithmetic\operator_modulo_assignment_node.h">
      <Filter>operators\binary\arithmetic</Filter>
    </ClInclude>
    <ClInclude Include="operators\binary\arithmetic\operator_modulo_node.h">
      <Filter>operators\binary\arithmetic</Filter>
    </ClInclude>
    <ClInclude Include="operators\binary\arithmetic\operator_multiplication_assignment_node.h">
      <Filter>operators\binary\arithmetic</Filter>
    </ClInclude>
    <ClInclude Include="operators\binary\arithmetic\operator_multiplication_node.h">
      <Filter>operators\binary\arithmetic</Filter>
    </ClInclude>
    <ClInclude Include="operators\binary\arithmetic\operator_subtraction_assignment_node.h">
      <Filter>operators\binary\arithmetic</Filter>
    </ClInclude>
    <ClInclude Include="operators\binary\arithmetic\operator_subtraction_node.h">
      <Filter>operators\binary\arithmetic</Filter>
    </ClInclude>
    <ClInclude Include="operators\binary\bitwise\operator_bitwise_and_node.h">
      <Filter>operators\binary\bitwise</Filter>
    </ClInclude>
    <ClInclude Include="operators\binary\bitwise\operator_bitwise_left_shift_node.h">
      <Filter>operators\binary\bitwise</Filter>
    </ClInclude>
    <ClInclude Include="operators\binary\bitwise\operator_bitwise_or_node.h">
      <Filter>operators\binary\bitwise</Filter>
    </ClInclude>
    <ClInclude Include="operators\binary\bitwise\operator_bitwise_right_shift_node.h">
      <Filter>operators\binary\bitwise</Filter>
    </ClInclude>
    <ClInclude Include="operators\binary\bitwise\operator_bitwise_xor_node.h">
      <Filter>operators\binary\bitwise</Filter>
    </ClInclude>
    <ClInclude Include="operators\binary\logical\operator_conjunction_node.h">
      <Filter>operators\binary\logical</Filter>
    </ClInclude>
    <ClInclude Include="operators\binary\logical\operator_disjunction_node.h">
      <Filter>operators\binary\logical</Filter>
    </ClInclude>
    <ClInclude Include="operators\binary\logical\operator_equals_node.h">
      <Filter>operators\binary\logical</Filter>
    </ClInclude>
    <ClInclude Include="operators\binary\logical\operator_greater_than_equal_to_node.h">
      <Filter>operators\binary\logical</Filter>
    </ClInclude>
    <ClInclude Include="operators\binary\logical\operator_greater_than_node.h">
      <Filter>operators\binary\logical</Filter>
    </ClInclude>
    <ClInclude Include="operators\binary\logical\operator_less_than_equal_to_node.h">
      <Filter>operators\binary\logical</Filter>
    </ClInclude>
    <ClInclude Include="operators\binary\logical\operator_less_than_node.h">
      <Filter>operators\binary\logical</Filter>
    </ClInclude>
    <ClInclude Include="operators\binary\logical\operator_not_equals_node.h">
      <Filter>operators\binary\logical</Filter>
    </ClInclude>
    <ClInclude Include="operators\binary\operator_binary_base.h">
      <Filter>operators\binary</Filter>
    </ClInclude>
    <ClInclude Include="operators\unary\arithmetic\operator_post_decrement_node.h">
      <Filter>operators\unary\arithmetic</Filter>
    </ClInclude>
    <ClInclude Include="operators\unary\arithmetic\operator_post_increment_node.h">
      <Filter>operators\unary\arithmetic</Filter>
    </ClInclude>
    <ClInclude Include="operators\unary\arithmetic\operator_pre_decrement_node.h">
      <Filter>operators\unary\arithmetic</Filter>
    </ClInclude>
    <ClInclude Include="operators\unary\arithmetic\operator_pre_increment_node.h">
      <Filter>operators\unary\arithmetic</Filter>
    </ClInclude>
    <ClInclude Include="operators\unary\bitwise\operator_address_of_node.h">
      <Filter>operators\unary\bitwise</Filter>
    </ClInclude>
    <ClInclude Include="operators\unary\bitwise\operator_bitwise_not_node.h">
      <Filter>operators\unary\bitwise</Filter>
    </ClInclude>
    <ClInclude Include="operators\unary\bitwise\operator_dereference_node.h">
      <Filter>operators\unary\bitwise</Filter>
    </ClInclude>
    <ClInclude Include="operators\unary\logical\operator_not_node.h">
      <Filter>operators\unary\logical</Filter>
    </ClInclude>
    <ClInclude Include="operators\unary\operator_unary_base.h">
      <Filter>operators\unary</Filter>
    </ClInclude>
    <ClInclude Include="variables\array\array_access_node.h">
      <Filter>variables\array</Filter>
    </ClInclude>
    <ClInclude Include="variables\array\array_allocation_node.h">
      <Filter>variables\array</Filter>
    </ClInclude>
    <ClInclude Include="variables\array\array_assignment_node.h">
      <Filter>variables\array</Filter>
    </ClInclude>
    <ClInclude Include="variables\assignment_node.h">
      <Filter>variables</Filter>
    </ClInclude>
    <ClInclude Include="variables\declaration\declaration_node.h">
      <Filter>variables\declaration</Filter>
    </ClInclude>
    <ClInclude Include="variables\declaration\global_declaration_node.h">
      <Filter>variables\declaration</Filter>
    </ClInclude>
    <ClInclude Include="variables\declaration\local_declaration_node.h">
      <Filter>variables\declaration</Filter>
    </ClInclude>
    <ClInclude Include="variables\variable_access_node.h">
      <Filter>variables</Filter>
    </ClInclude>
    <ClInclude Include="variables\variable_node.h">
      <Filter>variables</Filter>
    </ClInclude>
  </ItemGroup>
  <ItemGroup>
    <ClCompile Include="abstract_syntax_tree.cpp" />
    <ClCompile Include="code_generator_context.cpp" />
    <ClCompile Include="code_generator_template.cpp" />
    <ClCompile Include="functions\function_call_node.cpp">
      <Filter>functions</Filter>
    </ClCompile>
    <ClCompile Include="functions\function_node.cpp">
      <Filter>functions</Filter>
    </ClCompile>
    <ClCompile Include="implementation\code_generator.cpp">
      <Filter>implementation</Filter>
    </ClCompile>
    <ClCompile Include="implementation\code_generator_flow_control.cpp">
      <Filter>implementation</Filter>
    </ClCompile>
    <ClCompile Include="implementation\code_generator_functions.cpp">
      <Filter>implementation</Filter>
    </ClCompile>
    <ClCompile Include="implementation\code_generator_operators.cpp">
      <Filter>implementation</Filter>
    </ClCompile>
    <ClCompile Include="implementation\code_generator_types.cpp">
      <Filter>implementation</Filter>
    </ClCompile>
    <ClCompile Include="implementation\code_generator_variables.cpp">
      <Filter>implementation</Filter>
    </ClCompile>
    <ClCompile Include="keywords\flow_control\break_node.cpp">
      <Filter>keywords\flow_control</Filter>
    </ClCompile>
    <ClCompile Include="keywords\flow_control\for_node.cpp">
      <Filter>keywords\flow_control</Filter>
    </ClCompile>
    <ClCompile Include="keywords\flow_control\if_else_node.cpp">
      <Filter>keywords\flow_control</Filter>
    </ClCompile>
    <ClCompile Include="keywords\flow_control\return_node.cpp">
      <Filter>keywords\flow_control</Filter>
    </ClCompile>
    <ClCompile Include="keywords\flow_control\while_node.cpp">
      <Filter>keywords\flow_control</Filter>
    </ClCompile>
    <ClCompile Include="keywords\types\bool_node.cpp">
      <Filter>keywords\types</Filter>
    </ClCompile>
    <ClCompile Include="keywords\types\char_node.cpp">
      <Filter>keywords\types</Filter>
    </ClCompile>
    <ClCompile Include="keywords\types\numerical_literal_node.cpp">
      <Filter>keywords\types</Filter>
    </ClCompile>
    <ClCompile Include="keywords\types\string_node.cpp">
      <Filter>keywords\types</Filter>
    </ClCompile>
    <ClCompile Include="llvm_wrappers\code_generation_context.cpp">
      <Filter>llvm_wrappers</Filter>
    </ClCompile>
    <ClCompile Include="llvm_wrappers\functions\function.cpp">
      <Filter>llvm_wrappers\functions</Filter>
    </ClCompile>
    <ClCompile Include="llvm_wrappers\functions\function_registry.cpp">
      <Filter>llvm_wrappers\functions</Filter>
    </ClCompile>
    <ClCompile Include="llvm_wrappers\type.cpp">
      <Filter>llvm_wrappers</Filter>
    </ClCompile>
    <ClCompile Include="llvm_wrappers\value.cpp">
      <Filter>llvm_wrappers</Filter>
    </ClCompile>
    <ClCompile Include="llvm_wrappers\variables\scope.cpp">
      <Filter>llvm_wrappers\variables</Filter>
    </ClCompile>
    <ClCompile Include="llvm_wrappers\variables\variable.cpp">
      <Filter>llvm_wrappers\variables</Filter>
    </ClCompile>
    <ClCompile Include="llvm_wrappers\variables\variable_registry.cpp">
      <Filter>llvm_wrappers\variables</Filter>
    </ClCompile>
    <ClCompile Include="node.cpp" />
    <ClCompile Include="operators\binary\arithmetic\operator_addition_assignment_node.cpp">
      <Filter>operators\binary\arithmetic</Filter>
    </ClCompile>
    <ClCompile Include="operators\binary\arithmetic\operator_addition_node.cpp">
      <Filter>operators\binary\arithmetic</Filter>
    </ClCompile>
    <ClCompile Include="operators\binary\arithmetic\operator_division_assignment_node.cpp">
      <Filter>operators\binary\arithmetic</Filter>
    </ClCompile>
    <ClCompile Include="operators\binary\arithmetic\operator_division_node.cpp">
      <Filter>operators\binary\arithmetic</Filter>
    </ClCompile>
    <ClCompile Include="operators\binary\arithmetic\operator_modulo_assignment_node.cpp">
      <Filter>operators\binary\arithmetic</Filter>
    </ClCompile>
    <ClCompile Include="operators\binary\arithmetic\operator_modulo_node.cpp">
      <Filter>operators\binary\arithmetic</Filter>
    </ClCompile>
    <ClCompile Include="operators\binary\arithmetic\operator_multiplication_assignment_node.cpp">
      <Filter>operators\binary\arithmetic</Filter>
    </ClCompile>
    <ClCompile Include="operators\binary\arithmetic\operator_multiplication_node.cpp">
      <Filter>operators\binary\arithmetic</Filter>
    </ClCompile>
    <ClCompile Include="operators\binary\arithmetic\operator_subtraction_assignment_node.cpp">
      <Filter>operators\binary\arithmetic</Filter>
    </ClCompile>
    <ClCompile Include="operators\binary\arithmetic\operator_subtraction_node.cpp">
      <Filter>operators\binary\arithmetic</Filter>
    </ClCompile>
    <ClCompile Include="operators\binary\bitwise\operator_bitwise_and_node.cpp">
      <Filter>operators\binary\bitwise</Filter>
    </ClCompile>
    <ClCompile Include="operators\binary\bitwise\operator_bitwise_left_shift_node.cpp">
      <Filter>operators\binary\bitwise</Filter>
    </ClCompile>
    <ClCompile Include="operators\binary\bitwise\operator_bitwise_or_node.cpp">
      <Filter>operators\binary\bitwise</Filter>
    </ClCompile>
    <ClCompile Include="operators\binary\bitwise\operator_bitwise_right_shift_node.cpp">
      <Filter>operators\binary\bitwise</Filter>
    </ClCompile>
    <ClCompile Include="operators\binary\bitwise\operator_bitwise_xor_node.cpp">
      <Filter>operators\binary\bitwise</Filter>
    </ClCompile>
    <ClCompile Include="operators\binary\logical\operator_conjunction_node.cpp">
      <Filter>operators\binary\logical</Filter>
    </ClCompile>
    <ClCompile Include="operators\binary\logical\operator_disjunction_node.cpp">
      <Filter>operators\binary\logical</Filter>
    </ClCompile>
    <ClCompile Include="operators\binary\logical\operator_equals_node.cpp">
      <Filter>operators\binary\logical</Filter>
    </ClCompile>
    <ClCompile Include="operators\binary\logical\operator_greater_than_equal_to_node.cpp">
      <Filter>operators\binary\logical</Filter>
    </ClCompile>
    <ClCompile Include="operators\binary\logical\operator_greater_than_node.cpp">
      <Filter>operators\binary\logical</Filter>
    </ClCompile>
    <ClCompile Include="operators\binary\logical\operator_less_than_equal_to_node.cpp">
      <Filter>operators\binary\logical</Filter>
    </ClCompile>
    <ClCompile Include="operators\binary\logical\operator_less_than_node.cpp">
      <Filter>operators\binary\logical</Filter>
    </ClCompile>
    <ClCompile Include="operators\binary\logical\operator_not_equals_node.cpp">
      <Filter>operators\binary\logical</Filter>
    </ClCompile>
    <ClCompile Include="operators\binary\operator_binary_base.cpp">
      <Filter>operators\binary</Filter>
    </ClCompile>
    <ClCompile Include="operators\unary\arithmetic\operator_post_decrement_node.cpp">
      <Filter>operators\unary\arithmetic</Filter>
    </ClCompile>
    <ClCompile Include="operators\unary\arithmetic\operator_post_increment_node.cpp">
      <Filter>operators\unary\arithmetic</Filter>
    </ClCompile>
    <ClCompile Include="operators\unary\arithmetic\operator_pre_decrement_node.cpp">
      <Filter>operators\unary\arithmetic</Filter>
    </ClCompile>
    <ClCompile Include="operators\unary\arithmetic\operator_pre_increment_node.cpp">
      <Filter>operators\unary\arithmetic</Filter>
    </ClCompile>
    <ClCompile Include="operators\unary\bitwise\operator_address_of_node.cpp">
      <Filter>operators\unary\bitwise</Filter>
    </ClCompile>
    <ClCompile Include="operators\unary\bitwise\operator_bitwise_not_node.cpp">
      <Filter>operators\unary\bitwise</Filter>
    </ClCompile>
    <ClCompile Include="operators\unary\bitwise\operator_dereference_node.cpp">
      <Filter>operators\unary\bitwise</Filter>
    </ClCompile>
    <ClCompile Include="operators\unary\logical\operator_not_node.cpp">
      <Filter>operators\unary\logical</Filter>
    </ClCompile>
    <ClCompile Include="operators\unary\operator_unary_base.cpp">
      <Filter>operators\unary</Filter>
    </ClCompile>
    <ClCompile Include="variables\array\array_access_node.cpp">
      <Filter>variables\array</Filter>
    </ClCompile>
    <ClCompile Include="variables\array\array_allocation_node.cpp">
      <Filter>variables\array</Filter>
    </ClCompile>
    <ClCompile Include="variables\array\array_assignment_node.cpp">
      <Filter>variables\array</Filter>
    </ClCompile>
    <ClCompile Include="variables\assignment_node.cpp">
      <Filter>variables</Filter>
    </ClCompile>
    <ClCompile Include="variables\declaration\declaration_node.cpp">
      <Filter>variables\declaration</Filter>
    </ClCompile>
    <ClCompile Include="variables\declaration\global_declaration_node.cpp">
      <Filter>variables\declaration</Filter>
    </ClCompile>
    <ClCompile Include="variables\declaration\local_declaration_node.cpp">
      <Filter>variables\declaration</Filter>
    </ClCompile>
    <ClCompile Include="variables\variable_access_node.cpp">
      <Filter>variables</Filter>
    </ClCompile>
    <ClCompile Include="variables\variable_node.cpp">
      <Filter>variables</Filter>
    </ClCompile>
  </ItemGroup>
</Project>