<?xml version="1.0" encoding="utf-8"?>
<Project ToolsVersion="4.0" xmlns="http://schemas.microsoft.com/developer/msbuild/2003">
  <ItemGroup>
    <Filter Include="code_generator">
      <UniqueIdentifier>{C6E670B8-B2B4-64BE-9B48-D5E487B54023}</UniqueIdentifier>
    </Filter>
    <Filter Include="code_generator\abstract_syntax_tree">
      <UniqueIdentifier>{1E44D7D8-8AFD-4183-135D-5C5D7F15F8F2}</UniqueIdentifier>
    </Filter>
    <Filter Include="code_generator\abstract_syntax_tree\functions">
      <UniqueIdentifier>{26DE1877-924E-1BF0-5B6D-9578C79C53F1}</UniqueIdentifier>
    </Filter>
    <Filter Include="code_generator\abstract_syntax_tree\keywords">
      <UniqueIdentifier>{A5DF7FA6-91F2-7FFF-3ADC-5CEC26CE1C4D}</UniqueIdentifier>
    </Filter>
    <Filter Include="code_generator\abstract_syntax_tree\keywords\flow_control">
      <UniqueIdentifier>{4C7693D8-B8E8-D5F4-017D-0B796D2EA0ED}</UniqueIdentifier>
    </Filter>
    <Filter Include="code_generator\abstract_syntax_tree\keywords\types">
      <UniqueIdentifier>{291B0E58-15AF-0300-7E73-5DB46A263EF2}</UniqueIdentifier>
    </Filter>
    <Filter Include="code_generator\abstract_syntax_tree\operators">
      <UniqueIdentifier>{8C240F5F-F894-11D8-C1B3-8B602DE349D9}</UniqueIdentifier>
    </Filter>
    <Filter Include="code_generator\abstract_syntax_tree\operators\binary">
      <UniqueIdentifier>{80CE537C-6C0D-FEF7-1590-DA2901AEB362}</UniqueIdentifier>
    </Filter>
    <Filter Include="code_generator\abstract_syntax_tree\operators\binary\arithmetic">
      <UniqueIdentifier>{197BA037-850E-02E6-8EF5-719CFA0799AD}</UniqueIdentifier>
    </Filter>
    <Filter Include="code_generator\abstract_syntax_tree\operators\binary\bitwise">
      <UniqueIdentifier>{2679BF55-12E4-7F61-BBFF-E4C6A7494344}</UniqueIdentifier>
    </Filter>
    <Filter Include="code_generator\abstract_syntax_tree\operators\binary\logical">
      <UniqueIdentifier>{CAC49164-B62F-5270-5F4B-B7D54B951553}</UniqueIdentifier>
    </Filter>
    <Filter Include="code_generator\abstract_syntax_tree\operators\unary">
      <UniqueIdentifier>{8A03D9ED-F614-8194-7F66-13D4EB760ACE}</UniqueIdentifier>
    </Filter>
    <Filter Include="code_generator\abstract_syntax_tree\operators\unary\arithmetic">
      <UniqueIdentifier>{E335DCD7-CF0B-63D5-B8B5-7D28A42A9676}</UniqueIdentifier>
    </Filter>
    <Filter Include="code_generator\abstract_syntax_tree\operators\unary\bitwise">
      <UniqueIdentifier>{301886CC-9CD5-2E03-25A0-1A6B915CA157}</UniqueIdentifier>
    </Filter>
    <Filter Include="code_generator\abstract_syntax_tree\operators\unary\logical">
      <UniqueIdentifier>{D46358DB-4021-0112-C9EB-EC7935A87366}</UniqueIdentifier>
    </Filter>
    <Filter Include="code_generator\abstract_syntax_tree\variables">
      <UniqueIdentifier>{467D478A-B2ED-4903-7B0C-C48BE73B8204}</UniqueIdentifier>
    </Filter>
    <Filter Include="code_generator\abstract_syntax_tree\variables\array">
      <UniqueIdentifier>{540D5C94-C01E-043B-4970-967AB5808D74}</UniqueIdentifier>
    </Filter>
    <Filter Include="code_generator\abstract_syntax_tree\variables\declaration">
      <UniqueIdentifier>{DB1B37E9-478E-7905-9022-AF89FCD343FE}</UniqueIdentifier>
    </Filter>
    <Filter Include="code_generator\implementation">
      <UniqueIdentifier>{9B2B6ECC-0744-55F6-D0F0-E48F3CC8E98F}</UniqueIdentifier>
    </Filter>
    <Filter Include="compiler">
      <UniqueIdentifier>{60661140-4C33-6C4B-754C-5AF36178A1D9}</UniqueIdentifier>
    </Filter>
    <Filter Include="lexer">
      <UniqueIdentifier>{C5C4DA0F-31D9-02C1-FA5A-A620662EFFF1}</UniqueIdentifier>
    </Filter>
    <Filter Include="llvm_wrappers">
      <UniqueIdentifier>{134A9FFF-7F0A-1B36-4845-64B3B4C45F12}</UniqueIdentifier>
    </Filter>
    <Filter Include="llvm_wrappers\functions">
      <UniqueIdentifier>{5B9A2429-C7D1-6CC0-D0DB-D0E33C9293B9}</UniqueIdentifier>
    </Filter>
    <Filter Include="llvm_wrappers\variables">
      <UniqueIdentifier>{7B39533C-E770-9BD3-F07A-FFF65C31C2CC}</UniqueIdentifier>
    </Filter>
    <Filter Include="parser">
      <UniqueIdentifier>{F28D3C14-DE2F-67EA-C7EA-7A3EB32BEE3A}</UniqueIdentifier>
    </Filter>
    <Filter Include="program_aruments">
      <UniqueIdentifier>{ABBB5897-97B4-77E9-C0E6-5C6EAC3E57F5}</UniqueIdentifier>
    </Filter>
    <Filter Include="utility">
      <UniqueIdentifier>{79DE5C48-E5BD-DBE3-EED5-66BA5A344245}</UniqueIdentifier>
    </Filter>
    <Filter Include="utility\containers">
      <UniqueIdentifier>{7E2789E2-6A0B-4A38-D36B-448BBF6E34BA}</UniqueIdentifier>
    </Filter>
  </ItemGroup>
  <ItemGroup>
    <ClInclude Include="code_generator\abstract_syntax_tree\abstract_syntax_tree.h">
      <Filter>code_generator\abstract_syntax_tree</Filter>
    </ClInclude>
    <ClInclude Include="code_generator\abstract_syntax_tree\functions\function_call_node.h">
      <Filter>code_generator\abstract_syntax_tree\functions</Filter>
    </ClInclude>
    <ClInclude Include="code_generator\abstract_syntax_tree\functions\function_node.h">
      <Filter>code_generator\abstract_syntax_tree\functions</Filter>
    </ClInclude>
    <ClInclude Include="code_generator\abstract_syntax_tree\keywords\flow_control\break_node.h">
      <Filter>code_generator\abstract_syntax_tree\keywords\flow_control</Filter>
    </ClInclude>
    <ClInclude Include="code_generator\abstract_syntax_tree\keywords\flow_control\for_node.h">
      <Filter>code_generator\abstract_syntax_tree\keywords\flow_control</Filter>
    </ClInclude>
    <ClInclude Include="code_generator\abstract_syntax_tree\keywords\flow_control\if_else_node.h">
      <Filter>code_generator\abstract_syntax_tree\keywords\flow_control</Filter>
    </ClInclude>
    <ClInclude Include="code_generator\abstract_syntax_tree\keywords\flow_control\return_node.h">
      <Filter>code_generator\abstract_syntax_tree\keywords\flow_control</Filter>
    </ClInclude>
    <ClInclude Include="code_generator\abstract_syntax_tree\keywords\flow_control\while_node.h">
      <Filter>code_generator\abstract_syntax_tree\keywords\flow_control</Filter>
    </ClInclude>
    <ClInclude Include="code_generator\abstract_syntax_tree\keywords\types\bool_node.h">
      <Filter>code_generator\abstract_syntax_tree\keywords\types</Filter>
    </ClInclude>
    <ClInclude Include="code_generator\abstract_syntax_tree\keywords\types\char_node.h">
      <Filter>code_generator\abstract_syntax_tree\keywords\types</Filter>
    </ClInclude>
    <ClInclude Include="code_generator\abstract_syntax_tree\keywords\types\numerical_literal_node.h">
      <Filter>code_generator\abstract_syntax_tree\keywords\types</Filter>
    </ClInclude>
    <ClInclude Include="code_generator\abstract_syntax_tree\keywords\types\string_node.h">
      <Filter>code_generator\abstract_syntax_tree\keywords\types</Filter>
    </ClInclude>
    <ClInclude Include="code_generator\abstract_syntax_tree\node.h">
      <Filter>code_generator\abstract_syntax_tree</Filter>
    </ClInclude>
    <ClInclude Include="code_generator\abstract_syntax_tree\operators\binary\arithmetic\operator_addition_assignment_node.h">
      <Filter>code_generator\abstract_syntax_tree\operators\binary\arithmetic</Filter>
    </ClInclude>
    <ClInclude Include="code_generator\abstract_syntax_tree\operators\binary\arithmetic\operator_addition_node.h">
      <Filter>code_generator\abstract_syntax_tree\operators\binary\arithmetic</Filter>
    </ClInclude>
    <ClInclude Include="code_generator\abstract_syntax_tree\operators\binary\arithmetic\operator_division_assignment_node.h">
      <Filter>code_generator\abstract_syntax_tree\operators\binary\arithmetic</Filter>
    </ClInclude>
    <ClInclude Include="code_generator\abstract_syntax_tree\operators\binary\arithmetic\operator_division_node.h">
      <Filter>code_generator\abstract_syntax_tree\operators\binary\arithmetic</Filter>
    </ClInclude>
    <ClInclude Include="code_generator\abstract_syntax_tree\operators\binary\arithmetic\operator_modulo_assignment_node.h">
      <Filter>code_generator\abstract_syntax_tree\operators\binary\arithmetic</Filter>
    </ClInclude>
    <ClInclude Include="code_generator\abstract_syntax_tree\operators\binary\arithmetic\operator_modulo_node.h">
      <Filter>code_generator\abstract_syntax_tree\operators\binary\arithmetic</Filter>
    </ClInclude>
    <ClInclude Include="code_generator\abstract_syntax_tree\operators\binary\arithmetic\operator_multiplication_assignment_node.h">
      <Filter>code_generator\abstract_syntax_tree\operators\binary\arithmetic</Filter>
    </ClInclude>
    <ClInclude Include="code_generator\abstract_syntax_tree\operators\binary\arithmetic\operator_multiplication_node.h">
      <Filter>code_generator\abstract_syntax_tree\operators\binary\arithmetic</Filter>
    </ClInclude>
    <ClInclude Include="code_generator\abstract_syntax_tree\operators\binary\arithmetic\operator_subtraction_assignment_node.h">
      <Filter>code_generator\abstract_syntax_tree\operators\binary\arithmetic</Filter>
    </ClInclude>
    <ClInclude Include="code_generator\abstract_syntax_tree\operators\binary\arithmetic\operator_subtraction_node.h">
      <Filter>code_generator\abstract_syntax_tree\operators\binary\arithmetic</Filter>
    </ClInclude>
    <ClInclude Include="code_generator\abstract_syntax_tree\operators\binary\bitwise\operator_bitwise_and_node.h">
      <Filter>code_generator\abstract_syntax_tree\operators\binary\bitwise</Filter>
    </ClInclude>
    <ClInclude Include="code_generator\abstract_syntax_tree\operators\binary\bitwise\operator_bitwise_left_shift_node.h">
      <Filter>code_generator\abstract_syntax_tree\operators\binary\bitwise</Filter>
    </ClInclude>
    <ClInclude Include="code_generator\abstract_syntax_tree\operators\binary\bitwise\operator_bitwise_or_node.h">
      <Filter>code_generator\abstract_syntax_tree\operators\binary\bitwise</Filter>
    </ClInclude>
    <ClInclude Include="code_generator\abstract_syntax_tree\operators\binary\bitwise\operator_bitwise_right_shift_node.h">
      <Filter>code_generator\abstract_syntax_tree\operators\binary\bitwise</Filter>
    </ClInclude>
    <ClInclude Include="code_generator\abstract_syntax_tree\operators\binary\bitwise\operator_bitwise_xor_node.h">
      <Filter>code_generator\abstract_syntax_tree\operators\binary\bitwise</Filter>
    </ClInclude>
    <ClInclude Include="code_generator\abstract_syntax_tree\operators\binary\logical\operator_conjunction_node.h">
      <Filter>code_generator\abstract_syntax_tree\operators\binary\logical</Filter>
    </ClInclude>
    <ClInclude Include="code_generator\abstract_syntax_tree\operators\binary\logical\operator_disjunction_node.h">
      <Filter>code_generator\abstract_syntax_tree\operators\binary\logical</Filter>
    </ClInclude>
    <ClInclude Include="code_generator\abstract_syntax_tree\operators\binary\logical\operator_equals_node.h">
      <Filter>code_generator\abstract_syntax_tree\operators\binary\logical</Filter>
    </ClInclude>
    <ClInclude Include="code_generator\abstract_syntax_tree\operators\binary\logical\operator_greater_than_equal_to_node.h">
      <Filter>code_generator\abstract_syntax_tree\operators\binary\logical</Filter>
    </ClInclude>
    <ClInclude Include="code_generator\abstract_syntax_tree\operators\binary\logical\operator_greater_than_node.h">
      <Filter>code_generator\abstract_syntax_tree\operators\binary\logical</Filter>
    </ClInclude>
    <ClInclude Include="code_generator\abstract_syntax_tree\operators\binary\logical\operator_less_than_equal_to_node.h">
      <Filter>code_generator\abstract_syntax_tree\operators\binary\logical</Filter>
    </ClInclude>
    <ClInclude Include="code_generator\abstract_syntax_tree\operators\binary\logical\operator_less_than_node.h">
      <Filter>code_generator\abstract_syntax_tree\operators\binary\logical</Filter>
    </ClInclude>
    <ClInclude Include="code_generator\abstract_syntax_tree\operators\binary\logical\operator_not_equals_node.h">
      <Filter>code_generator\abstract_syntax_tree\operators\binary\logical</Filter>
    </ClInclude>
    <ClInclude Include="code_generator\abstract_syntax_tree\operators\binary\operator_binary_base.h">
      <Filter>code_generator\abstract_syntax_tree\operators\binary</Filter>
    </ClInclude>
    <ClInclude Include="code_generator\abstract_syntax_tree\operators\unary\arithmetic\operator_post_decrement_node.h">
      <Filter>code_generator\abstract_syntax_tree\operators\unary\arithmetic</Filter>
    </ClInclude>
    <ClInclude Include="code_generator\abstract_syntax_tree\operators\unary\arithmetic\operator_post_increment_node.h">
      <Filter>code_generator\abstract_syntax_tree\operators\unary\arithmetic</Filter>
    </ClInclude>
    <ClInclude Include="code_generator\abstract_syntax_tree\operators\unary\arithmetic\operator_pre_decrement_node.h">
      <Filter>code_generator\abstract_syntax_tree\operators\unary\arithmetic</Filter>
    </ClInclude>
    <ClInclude Include="code_generator\abstract_syntax_tree\operators\unary\arithmetic\operator_pre_increment_node.h">
      <Filter>code_generator\abstract_syntax_tree\operators\unary\arithmetic</Filter>
    </ClInclude>
    <ClInclude Include="code_generator\abstract_syntax_tree\operators\unary\bitwise\operator_address_of_node.h">
      <Filter>code_generator\abstract_syntax_tree\operators\unary\bitwise</Filter>
    </ClInclude>
    <ClInclude Include="code_generator\abstract_syntax_tree\operators\unary\bitwise\operator_bitwise_not_node.h">
      <Filter>code_generator\abstract_syntax_tree\operators\unary\bitwise</Filter>
    </ClInclude>
    <ClInclude Include="code_generator\abstract_syntax_tree\operators\unary\bitwise\operator_dereference_node.h">
      <Filter>code_generator\abstract_syntax_tree\operators\unary\bitwise</Filter>
    </ClInclude>
    <ClInclude Include="code_generator\abstract_syntax_tree\operators\unary\logical\operator_not_node.h">
      <Filter>code_generator\abstract_syntax_tree\operators\unary\logical</Filter>
    </ClInclude>
    <ClInclude Include="code_generator\abstract_syntax_tree\operators\unary\operator_unary_base.h">
      <Filter>code_generator\abstract_syntax_tree\operators\unary</Filter>
    </ClInclude>
    <ClInclude Include="code_generator\abstract_syntax_tree\variables\array\array_access_node.h">
      <Filter>code_generator\abstract_syntax_tree\variables\array</Filter>
    </ClInclude>
    <ClInclude Include="code_generator\abstract_syntax_tree\variables\array\array_allocation_node.h">
      <Filter>code_generator\abstract_syntax_tree\variables\array</Filter>
    </ClInclude>
    <ClInclude Include="code_generator\abstract_syntax_tree\variables\array\array_assignment_node.h">
      <Filter>code_generator\abstract_syntax_tree\variables\array</Filter>
    </ClInclude>
    <ClInclude Include="code_generator\abstract_syntax_tree\variables\assignment_node.h">
      <Filter>code_generator\abstract_syntax_tree\variables</Filter>
    </ClInclude>
    <ClInclude Include="code_generator\abstract_syntax_tree\variables\declaration\declaration_node.h">
      <Filter>code_generator\abstract_syntax_tree\variables\declaration</Filter>
    </ClInclude>
    <ClInclude Include="code_generator\abstract_syntax_tree\variables\declaration\global_declaration_node.h">
      <Filter>code_generator\abstract_syntax_tree\variables\declaration</Filter>
    </ClInclude>
    <ClInclude Include="code_generator\abstract_syntax_tree\variables\declaration\local_declaration_node.h">
      <Filter>code_generator\abstract_syntax_tree\variables\declaration</Filter>
    </ClInclude>
    <ClInclude Include="code_generator\abstract_syntax_tree\variables\variable_access_node.h">
      <Filter>code_generator\abstract_syntax_tree\variables</Filter>
    </ClInclude>
    <ClInclude Include="code_generator\abstract_syntax_tree\variables\variable_node.h">
      <Filter>code_generator\abstract_syntax_tree\variables</Filter>
    </ClInclude>
    <ClInclude Include="code_generator\code_generator_context.h">
      <Filter>code_generator</Filter>
    </ClInclude>
    <ClInclude Include="code_generator\code_generator_template.h">
      <Filter>code_generator</Filter>
    </ClInclude>
    <ClInclude Include="code_generator\implementation\code_generator.h">
      <Filter>code_generator\implementation</Filter>
    </ClInclude>
    <ClInclude Include="compiler\compiler.h">
      <Filter>compiler</Filter>
    </ClInclude>
    <ClInclude Include="compiler\dependency_tree.h">
      <Filter>compiler</Filter>
    </ClInclude>
    <ClInclude Include="lexer\lexer.h">
      <Filter>lexer</Filter>
    </ClInclude>
    <ClInclude Include="lexer\token.h">
      <Filter>lexer</Filter>
    </ClInclude>
    <ClInclude Include="llvm_wrappers\code_generation_context.h">
      <Filter>llvm_wrappers</Filter>
    </ClInclude>
    <ClInclude Include="llvm_wrappers\functions\function.h">
      <Filter>llvm_wrappers\functions</Filter>
    </ClInclude>
    <ClInclude Include="llvm_wrappers\functions\function_registry.h">
      <Filter>llvm_wrappers\functions</Filter>
    </ClInclude>
    <ClInclude Include="llvm_wrappers\type.h">
      <Filter>llvm_wrappers</Filter>
    </ClInclude>
    <ClInclude Include="llvm_wrappers\value.h">
      <Filter>llvm_wrappers</Filter>
    </ClInclude>
    <ClInclude Include="llvm_wrappers\variables\scope.h">
      <Filter>llvm_wrappers\variables</Filter>
    </ClInclude>
    <ClInclude Include="llvm_wrappers\variables\variable.h">
      <Filter>llvm_wrappers\variables</Filter>
    </ClInclude>
    <ClInclude Include="llvm_wrappers\variables\variable_registry.h">
      <Filter>llvm_wrappers\variables</Filter>
    </ClInclude>
    <ClInclude Include="parser\parser.h">
      <Filter>parser</Filter>
    </ClInclude>
    <ClInclude Include="program_aruments\argument.h">
      <Filter>program_aruments</Filter>
    </ClInclude>
    <ClInclude Include="program_aruments\command.h">
      <Filter>program_aruments</Filter>
    </ClInclude>
    <ClInclude Include="program_aruments\program_options.h">
      <Filter>program_aruments</Filter>
    </ClInclude>
  </ItemGroup>
  <ItemGroup>
    <ClCompile Include="code_generator\abstract_syntax_tree\abstract_syntax_tree.cpp">
      <Filter>code_generator\abstract_syntax_tree</Filter>
    </ClCompile>
    <ClCompile Include="code_generator\abstract_syntax_tree\functions\function_call_node.cpp">
      <Filter>code_generator\abstract_syntax_tree\functions</Filter>
    </ClCompile>
    <ClCompile Include="code_generator\abstract_syntax_tree\functions\function_node.cpp">
      <Filter>code_generator\abstract_syntax_tree\functions</Filter>
    </ClCompile>
    <ClCompile Include="code_generator\abstract_syntax_tree\keywords\flow_control\break_node.cpp">
      <Filter>code_generator\abstract_syntax_tree\keywords\flow_control</Filter>
    </ClCompile>
    <ClCompile Include="code_generator\abstract_syntax_tree\keywords\flow_control\for_node.cpp">
      <Filter>code_generator\abstract_syntax_tree\keywords\flow_control</Filter>
    </ClCompile>
    <ClCompile Include="code_generator\abstract_syntax_tree\keywords\flow_control\if_else_node.cpp">
      <Filter>code_generator\abstract_syntax_tree\keywords\flow_control</Filter>
    </ClCompile>
    <ClCompile Include="code_generator\abstract_syntax_tree\keywords\flow_control\return_node.cpp">
      <Filter>code_generator\abstract_syntax_tree\keywords\flow_control</Filter>
    </ClCompile>
    <ClCompile Include="code_generator\abstract_syntax_tree\keywords\flow_control\while_node.cpp">
      <Filter>code_generator\abstract_syntax_tree\keywords\flow_control</Filter>
    </ClCompile>
    <ClCompile Include="code_generator\abstract_syntax_tree\keywords\types\bool_node.cpp">
      <Filter>code_generator\abstract_syntax_tree\keywords\types</Filter>
    </ClCompile>
    <ClCompile Include="code_generator\abstract_syntax_tree\keywords\types\char_node.cpp">
      <Filter>code_generator\abstract_syntax_tree\keywords\types</Filter>
    </ClCompile>
    <ClCompile Include="code_generator\abstract_syntax_tree\keywords\types\numerical_literal_node.cpp">
      <Filter>code_generator\abstract_syntax_tree\keywords\types</Filter>
    </ClCompile>
    <ClCompile Include="code_generator\abstract_syntax_tree\keywords\types\string_node.cpp">
      <Filter>code_generator\abstract_syntax_tree\keywords\types</Filter>
    </ClCompile>
    <ClCompile Include="code_generator\abstract_syntax_tree\node.cpp">
      <Filter>code_generator\abstract_syntax_tree</Filter>
    </ClCompile>
    <ClCompile Include="code_generator\abstract_syntax_tree\operators\binary\arithmetic\operator_addition_assignment_node.cpp">
      <Filter>code_generator\abstract_syntax_tree\operators\binary\arithmetic</Filter>
    </ClCompile>
    <ClCompile Include="code_generator\abstract_syntax_tree\operators\binary\arithmetic\operator_addition_node.cpp">
      <Filter>code_generator\abstract_syntax_tree\operators\binary\arithmetic</Filter>
    </ClCompile>
    <ClCompile Include="code_generator\abstract_syntax_tree\operators\binary\arithmetic\operator_division_assignment_node.cpp">
      <Filter>code_generator\abstract_syntax_tree\operators\binary\arithmetic</Filter>
    </ClCompile>
    <ClCompile Include="code_generator\abstract_syntax_tree\operators\binary\arithmetic\operator_division_node.cpp">
      <Filter>code_generator\abstract_syntax_tree\operators\binary\arithmetic</Filter>
    </ClCompile>
    <ClCompile Include="code_generator\abstract_syntax_tree\operators\binary\arithmetic\operator_modulo_assignment_node.cpp">
      <Filter>code_generator\abstract_syntax_tree\operators\binary\arithmetic</Filter>
    </ClCompile>
    <ClCompile Include="code_generator\abstract_syntax_tree\operators\binary\arithmetic\operator_modulo_node.cpp">
      <Filter>code_generator\abstract_syntax_tree\operators\binary\arithmetic</Filter>
    </ClCompile>
    <ClCompile Include="code_generator\abstract_syntax_tree\operators\binary\arithmetic\operator_multiplication_assignment_node.cpp">
      <Filter>code_generator\abstract_syntax_tree\operators\binary\arithmetic</Filter>
    </ClCompile>
    <ClCompile Include="code_generator\abstract_syntax_tree\operators\binary\arithmetic\operator_multiplication_node.cpp">
      <Filter>code_generator\abstract_syntax_tree\operators\binary\arithmetic</Filter>
    </ClCompile>
    <ClCompile Include="code_generator\abstract_syntax_tree\operators\binary\arithmetic\operator_subtraction_assignment_node.cpp">
      <Filter>code_generator\abstract_syntax_tree\operators\binary\arithmetic</Filter>
    </ClCompile>
    <ClCompile Include="code_generator\abstract_syntax_tree\operators\binary\arithmetic\operator_subtraction_node.cpp">
      <Filter>code_generator\abstract_syntax_tree\operators\binary\arithmetic</Filter>
    </ClCompile>
    <ClCompile Include="code_generator\abstract_syntax_tree\operators\binary\bitwise\operator_bitwise_and_node.cpp">
      <Filter>code_generator\abstract_syntax_tree\operators\binary\bitwise</Filter>
    </ClCompile>
    <ClCompile Include="code_generator\abstract_syntax_tree\operators\binary\bitwise\operator_bitwise_left_shift_node.cpp">
      <Filter>code_generator\abstract_syntax_tree\operators\binary\bitwise</Filter>
    </ClCompile>
    <ClCompile Include="code_generator\abstract_syntax_tree\operators\binary\bitwise\operator_bitwise_or_node.cpp">
      <Filter>code_generator\abstract_syntax_tree\operators\binary\bitwise</Filter>
    </ClCompile>
    <ClCompile Include="code_generator\abstract_syntax_tree\operators\binary\bitwise\operator_bitwise_right_shift_node.cpp">
      <Filter>code_generator\abstract_syntax_tree\operators\binary\bitwise</Filter>
    </ClCompile>
    <ClCompile Include="code_generator\abstract_syntax_tree\operators\binary\bitwise\operator_bitwise_xor_node.cpp">
      <Filter>code_generator\abstract_syntax_tree\operators\binary\bitwise</Filter>
    </ClCompile>
    <ClCompile Include="code_generator\abstract_syntax_tree\operators\binary\logical\operator_conjunction_node.cpp">
      <Filter>code_generator\abstract_syntax_tree\operators\binary\logical</Filter>
    </ClCompile>
    <ClCompile Include="code_generator\abstract_syntax_tree\operators\binary\logical\operator_disjunction_node.cpp">
      <Filter>code_generator\abstract_syntax_tree\operators\binary\logical</Filter>
    </ClCompile>
    <ClCompile Include="code_generator\abstract_syntax_tree\operators\binary\logical\operator_equals_node.cpp">
      <Filter>code_generator\abstract_syntax_tree\operators\binary\logical</Filter>
    </ClCompile>
    <ClCompile Include="code_generator\abstract_syntax_tree\operators\binary\logical\operator_greater_than_equal_to_node.cpp">
      <Filter>code_generator\abstract_syntax_tree\operators\binary\logical</Filter>
    </ClCompile>
    <ClCompile Include="code_generator\abstract_syntax_tree\operators\binary\logical\operator_greater_than_node.cpp">
      <Filter>code_generator\abstract_syntax_tree\operators\binary\logical</Filter>
    </ClCompile>
    <ClCompile Include="code_generator\abstract_syntax_tree\operators\binary\logical\operator_less_than_equal_to_node.cpp">
      <Filter>code_generator\abstract_syntax_tree\operators\binary\logical</Filter>
    </ClCompile>
    <ClCompile Include="code_generator\abstract_syntax_tree\operators\binary\logical\operator_less_than_node.cpp">
      <Filter>code_generator\abstract_syntax_tree\operators\binary\logical</Filter>
    </ClCompile>
    <ClCompile Include="code_generator\abstract_syntax_tree\operators\binary\logical\operator_not_equals_node.cpp">
      <Filter>code_generator\abstract_syntax_tree\operators\binary\logical</Filter>
    </ClCompile>
    <ClCompile Include="code_generator\abstract_syntax_tree\operators\binary\operator_binary_base.cpp">
      <Filter>code_generator\abstract_syntax_tree\operators\binary</Filter>
    </ClCompile>
    <ClCompile Include="code_generator\abstract_syntax_tree\operators\unary\arithmetic\operator_post_decrement_node.cpp">
      <Filter>code_generator\abstract_syntax_tree\operators\unary\arithmetic</Filter>
    </ClCompile>
    <ClCompile Include="code_generator\abstract_syntax_tree\operators\unary\arithmetic\operator_post_increment_node.cpp">
      <Filter>code_generator\abstract_syntax_tree\operators\unary\arithmetic</Filter>
    </ClCompile>
    <ClCompile Include="code_generator\abstract_syntax_tree\operators\unary\arithmetic\operator_pre_decrement_node.cpp">
      <Filter>code_generator\abstract_syntax_tree\operators\unary\arithmetic</Filter>
    </ClCompile>
    <ClCompile Include="code_generator\abstract_syntax_tree\operators\unary\arithmetic\operator_pre_increment_node.cpp">
      <Filter>code_generator\abstract_syntax_tree\operators\unary\arithmetic</Filter>
    </ClCompile>
    <ClCompile Include="code_generator\abstract_syntax_tree\operators\unary\bitwise\operator_address_of_node.cpp">
      <Filter>code_generator\abstract_syntax_tree\operators\unary\bitwise</Filter>
    </ClCompile>
    <ClCompile Include="code_generator\abstract_syntax_tree\operators\unary\bitwise\operator_bitwise_not_node.cpp">
      <Filter>code_generator\abstract_syntax_tree\operators\unary\bitwise</Filter>
    </ClCompile>
    <ClCompile Include="code_generator\abstract_syntax_tree\operators\unary\bitwise\operator_dereference_node.cpp">
      <Filter>code_generator\abstract_syntax_tree\operators\unary\bitwise</Filter>
    </ClCompile>
    <ClCompile Include="code_generator\abstract_syntax_tree\operators\unary\logical\operator_not_node.cpp">
      <Filter>code_generator\abstract_syntax_tree\operators\unary\logical</Filter>
    </ClCompile>
    <ClCompile Include="code_generator\abstract_syntax_tree\operators\unary\operator_unary_base.cpp">
      <Filter>code_generator\abstract_syntax_tree\operators\unary</Filter>
    </ClCompile>
    <ClCompile Include="code_generator\abstract_syntax_tree\variables\array\array_access_node.cpp">
      <Filter>code_generator\abstract_syntax_tree\variables\array</Filter>
    </ClCompile>
    <ClCompile Include="code_generator\abstract_syntax_tree\variables\array\array_allocation_node.cpp">
      <Filter>code_generator\abstract_syntax_tree\variables\array</Filter>
    </ClCompile>
    <ClCompile Include="code_generator\abstract_syntax_tree\variables\array\array_assignment_node.cpp">
      <Filter>code_generator\abstract_syntax_tree\variables\array</Filter>
    </ClCompile>
    <ClCompile Include="code_generator\abstract_syntax_tree\variables\assignment_node.cpp">
      <Filter>code_generator\abstract_syntax_tree\variables</Filter>
    </ClCompile>
    <ClCompile Include="code_generator\abstract_syntax_tree\variables\declaration\declaration_node.cpp">
      <Filter>code_generator\abstract_syntax_tree\variables\declaration</Filter>
    </ClCompile>
    <ClCompile Include="code_generator\abstract_syntax_tree\variables\declaration\global_declaration_node.cpp">
      <Filter>code_generator\abstract_syntax_tree\variables\declaration</Filter>
    </ClCompile>
    <ClCompile Include="code_generator\abstract_syntax_tree\variables\declaration\local_declaration_node.cpp">
      <Filter>code_generator\abstract_syntax_tree\variables\declaration</Filter>
    </ClCompile>
    <ClCompile Include="code_generator\abstract_syntax_tree\variables\variable_access_node.cpp">
      <Filter>code_generator\abstract_syntax_tree\variables</Filter>
    </ClCompile>
    <ClCompile Include="code_generator\abstract_syntax_tree\variables\variable_node.cpp">
      <Filter>code_generator\abstract_syntax_tree\variables</Filter>
    </ClCompile>
    <ClCompile Include="code_generator\code_generator_context.cpp">
      <Filter>code_generator</Filter>
    </ClCompile>
    <ClCompile Include="code_generator\code_generator_template.cpp">
      <Filter>code_generator</Filter>
    </ClCompile>
    <ClCompile Include="code_generator\implementation\code_generator.cpp">
      <Filter>code_generator\implementation</Filter>
    </ClCompile>
    <ClCompile Include="code_generator\implementation\code_generator_flow_control.cpp">
      <Filter>code_generator\implementation</Filter>
    </ClCompile>
    <ClCompile Include="code_generator\implementation\code_generator_functions.cpp">
      <Filter>code_generator\implementation</Filter>
    </ClCompile>
    <ClCompile Include="code_generator\implementation\code_generator_operators.cpp">
      <Filter>code_generator\implementation</Filter>
    </ClCompile>
    <ClCompile Include="code_generator\implementation\code_generator_types.cpp">
      <Filter>code_generator\implementation</Filter>
    </ClCompile>
    <ClCompile Include="code_generator\implementation\code_generator_variables.cpp">
      <Filter>code_generator\implementation</Filter>
    </ClCompile>
    <ClCompile Include="compiler\compiler.cpp">
      <Filter>compiler</Filter>
    </ClCompile>
    <ClCompile Include="compiler\dependency_tree.cpp">
      <Filter>compiler</Filter>
    </ClCompile>
    <ClCompile Include="lexer\lexer.cpp">
      <Filter>lexer</Filter>
    </ClCompile>
    <ClCompile Include="llvm_wrappers\code_generation_context.cpp">
      <Filter>llvm_wrappers</Filter>
    </ClCompile>
    <ClCompile Include="llvm_wrappers\functions\function.cpp">
      <Filter>llvm_wrappers\functions</Filter>
    </ClCompile>
    <ClCompile Include="llvm_wrappers\functions\function_registry.cpp">
      <Filter>llvm_wrappers\functions</Filter>
    </ClCompile>
    <ClCompile Include="llvm_wrappers\type.cpp">
      <Filter>llvm_wrappers</Filter>
    </ClCompile>
    <ClCompile Include="llvm_wrappers\value.cpp">
      <Filter>llvm_wrappers</Filter>
    </ClCompile>
    <ClCompile Include="llvm_wrappers\variables\scope.cpp">
      <Filter>llvm_wrappers\variables</Filter>
    </ClCompile>
    <ClCompile Include="llvm_wrappers\variables\variable.cpp">
      <Filter>llvm_wrappers\variables</Filter>
    </ClCompile>
    <ClCompile Include="llvm_wrappers\variables\variable_registry.cpp">
      <Filter>llvm_wrappers\variables</Filter>
    </ClCompile>
    <ClCompile Include="main.cpp" />
    <ClCompile Include="parser\parser.cpp">
      <Filter>parser</Filter>
    </ClCompile>
    <ClCompile Include="program_aruments\argument.cpp">
      <Filter>program_aruments</Filter>
    </ClCompile>
    <ClCompile Include="program_aruments\command.cpp">
      <Filter>program_aruments</Filter>
    </ClCompile>
    <ClCompile Include="program_aruments\program_options.cpp">
      <Filter>program_aruments</Filter>
    </ClCompile>
  </ItemGroup>
</Project>