<?xml version="1.0" encoding="utf-8"?>
<Project ToolsVersion="4.0" xmlns="http://schemas.microsoft.com/developer/msbuild/2003">
  <ItemGroup>
    <Filter Include="compiler">
      <UniqueIdentifier>{60661140-4C33-6C4B-754C-5AF36178A1D9}</UniqueIdentifier>
    </Filter>
    <Filter Include="program_aruments">
      <UniqueIdentifier>{ABBB5897-97B4-77E9-C0E6-5C6EAC3E57F5}</UniqueIdentifier>
    </Filter>
  </ItemGroup>
  <ItemGroup>
    <ClInclude Include="compiler\compiler.h">
      <Filter>compiler</Filter>
    </ClInclude>
    <ClInclude Include="compiler\dependency_tree.h">
      <Filter>compiler</Filter>
    </ClInclude>
    <ClInclude Include="program_aruments\argument.h">
      <Filter>program_aruments</Filter>
    </ClInclude>
    <ClInclude Include="program_aruments\command.h">
      <Filter>program_aruments</Filter>
    </ClInclude>
    <ClInclude Include="program_aruments\program_options.h">
      <Filter>program_aruments</Filter>
    </ClInclude>
  </ItemGroup>
  <ItemGroup>
    <ClCompile Include="compiler\compiler.cpp">
      <Filter>compiler</Filter>
    </ClCompile>
    <ClCompile Include="compiler\dependency_tree.cpp">
      <Filter>compiler</Filter>
    </ClCompile>
    <ClCompile Include="main.cpp" />
    <ClCompile Include="program_aruments\argument.cpp">
      <Filter>program_aruments</Filter>
    </ClCompile>
    <ClCompile Include="program_aruments\command.cpp">
      <Filter>program_aruments</Filter>
    </ClCompile>
    <ClCompile Include="program_aruments\program_options.cpp">
      <Filter>program_aruments</Filter>
    </ClCompile>
  </ItemGroup>
</Project>